
Microsoft Visual Studio Solution File, Format Version 12.00
# Visual Studio Version 16
VisualStudioVersion = 16.0.29709.97
MinimumVisualStudioVersion = 10.0.40219.1
Project("{FAE04EC0-301F-11D3-BF4B-00C04F79EFBC}") = "Capstone_Task_List", "Capstone_Task_List\Capstone_Task_List.csproj", "{8E53233D-D767-46EC-BEDC-4F614BB6E224}"
EndProject
Global
	GlobalSection(SolutionConfigurationPlatforms) = preSolution
		Debug|Any CPU = Debug|Any CPU
		Release|Any CPU = Release|Any CPU
	EndGlobalSection
	GlobalSection(ProjectConfigurationPlatforms) = postSolution
		{8E53233D-D767-46EC-BEDC-4F614BB6E224}.Debug|Any CPU.ActiveCfg = Debug|Any CPU
		{8E53233D-D767-46EC-BEDC-4F614BB6E224}.Debug|Any CPU.Build.0 = Debug|Any CPU
		{8E53233D-D767-46EC-BEDC-4F614BB6E224}.Release|Any CPU.ActiveCfg = Release|Any CPU
		{8E53233D-D767-46EC-BEDC-4F614BB6E224}.Release|Any CPU.Build.0 = Release|Any CPU
	EndGlobalSection
	GlobalSection(SolutionProperties) = preSolution
		HideSolutionNode = FALSE
	EndGlobalSection
	GlobalSection(ExtensibilityGlobals) = postSolution
		SolutionGuid = {2B5A2A20-8E23-4177-9E92-32CCF32253B6}
	EndGlobalSection
EndGlobal
